
Microsoft Visual Studio Solution File, Format Version 12.00
# Visual Studio Version 17
VisualStudioVersion = 17.7.34024.191
MinimumVisualStudioVersion = 10.0.40219.1
Project("{8BC9CEB8-8B4A-11D0-8D11-00A0C91BC942}") = "readers_diary", "readers_diary\readers_diary.vcxproj", "{78DAA264-5A6E-413B-8617-899EB97BBD27}"
EndProject
Global
	GlobalSection(SolutionConfigurationPlatforms) = preSolution
		Debug|x64 = Debug|x64
		Debug|x86 = Debug|x86
		Release|x64 = Release|x64
		Release|x86 = Release|x86
	EndGlobalSection
	GlobalSection(ProjectConfigurationPlatforms) = postSolution
		{78DAA264-5A6E-413B-8617-899EB97BBD27}.Debug|x64.ActiveCfg = Debug|x64
		{78DAA264-5A6E-413B-8617-899EB97BBD27}.Debug|x64.Build.0 = Debug|x64
		{78DAA264-5A6E-413B-8617-899EB97BBD27}.Debug|x86.ActiveCfg = Debug|Win32
		{78DAA264-5A6E-413B-8617-899EB97BBD27}.Debug|x86.Build.0 = Debug|Win32
		{78DAA264-5A6E-413B-8617-899EB97BBD27}.Release|x64.ActiveCfg = Release|x64
		{78DAA264-5A6E-413B-8617-899EB97BBD27}.Release|x64.Build.0 = Release|x64
		{78DAA264-5A6E-413B-8617-899EB97BBD27}.Release|x86.ActiveCfg = Release|Win32
		{78DAA264-5A6E-413B-8617-899EB97BBD27}.Release|x86.Build.0 = Release|Win32
	EndGlobalSection
	GlobalSection(SolutionProperties) = preSolution
		HideSolutionNode = FALSE
	EndGlobalSection
	GlobalSection(ExtensibilityGlobals) = postSolution
		SolutionGuid = {240411B3-703F-4A89-BF88-C49505B47EB8}
	EndGlobalSection
EndGlobal
