
Microsoft Visual Studio Solution File, Format Version 12.00
# Visual Studio Version 17
VisualStudioVersion = 17.3.32929.385
MinimumVisualStudioVersion = 10.0.40219.1
Project("{8BC9CEB8-8B4A-11D0-8D11-00A0C91BC942}") = "cv7_b", "cv7_b\cv7_b.vcxproj", "{24652D2C-D09E-4E88-BBBB-4C03C3227F6A}"
EndProject
Global
	GlobalSection(SolutionConfigurationPlatforms) = preSolution
		Debug|x64 = Debug|x64
		Debug|x86 = Debug|x86
		Release|x64 = Release|x64
		Release|x86 = Release|x86
	EndGlobalSection
	GlobalSection(ProjectConfigurationPlatforms) = postSolution
		{24652D2C-D09E-4E88-BBBB-4C03C3227F6A}.Debug|x64.ActiveCfg = Debug|x64
		{24652D2C-D09E-4E88-BBBB-4C03C3227F6A}.Debug|x64.Build.0 = Debug|x64
		{24652D2C-D09E-4E88-BBBB-4C03C3227F6A}.Debug|x86.ActiveCfg = Debug|Win32
		{24652D2C-D09E-4E88-BBBB-4C03C3227F6A}.Debug|x86.Build.0 = Debug|Win32
		{24652D2C-D09E-4E88-BBBB-4C03C3227F6A}.Release|x64.ActiveCfg = Release|x64
		{24652D2C-D09E-4E88-BBBB-4C03C3227F6A}.Release|x64.Build.0 = Release|x64
		{24652D2C-D09E-4E88-BBBB-4C03C3227F6A}.Release|x86.ActiveCfg = Release|Win32
		{24652D2C-D09E-4E88-BBBB-4C03C3227F6A}.Release|x86.Build.0 = Release|Win32
	EndGlobalSection
	GlobalSection(SolutionProperties) = preSolution
		HideSolutionNode = FALSE
	EndGlobalSection
	GlobalSection(ExtensibilityGlobals) = postSolution
		SolutionGuid = {366DD848-FC58-4A83-AFC0-E274478D46F4}
	EndGlobalSection
EndGlobal
